
Microsoft Visual Studio Solution File, Format Version 12.00
# Visual Studio Version 16
VisualStudioVersion = 16.0.30330.147
MinimumVisualStudioVersion = 10.0.40219.1
Project("{9A19103F-16F7-4668-BE54-9A1E7A4F7556}") = "Movie_API", "Movie_API\Movie_API.csproj", "{2802445C-DFA2-4E6A-9EAD-AD1B29783448}"
EndProject
Project("{9A19103F-16F7-4668-BE54-9A1E7A4F7556}") = "Movie_UI", "Movie_UI\Movie_UI.csproj", "{F9A100FF-0984-48DF-8EB2-0BE1E607A509}"
EndProject
Project("{9A19103F-16F7-4668-BE54-9A1E7A4F7556}") = "Movie.Contracts", "Movie.Contracts\Movie.Contracts.csproj", "{D21894D3-5F4F-4898-83E5-4B30C3232F19}"
EndProject
Global
	GlobalSection(SolutionConfigurationPlatforms) = preSolution
		Debug|Any CPU = Debug|Any CPU
		Release|Any CPU = Release|Any CPU
	EndGlobalSection
	GlobalSection(ProjectConfigurationPlatforms) = postSolution
		{2802445C-DFA2-4E6A-9EAD-AD1B29783448}.Debug|Any CPU.ActiveCfg = Debug|Any CPU
		{2802445C-DFA2-4E6A-9EAD-AD1B29783448}.Debug|Any CPU.Build.0 = Debug|Any CPU
		{2802445C-DFA2-4E6A-9EAD-AD1B29783448}.Release|Any CPU.ActiveCfg = Release|Any CPU
		{2802445C-DFA2-4E6A-9EAD-AD1B29783448}.Release|Any CPU.Build.0 = Release|Any CPU
		{F9A100FF-0984-48DF-8EB2-0BE1E607A509}.Debug|Any CPU.ActiveCfg = Debug|Any CPU
		{F9A100FF-0984-48DF-8EB2-0BE1E607A509}.Debug|Any CPU.Build.0 = Debug|Any CPU
		{F9A100FF-0984-48DF-8EB2-0BE1E607A509}.Release|Any CPU.ActiveCfg = Release|Any CPU
		{F9A100FF-0984-48DF-8EB2-0BE1E607A509}.Release|Any CPU.Build.0 = Release|Any CPU
		{D21894D3-5F4F-4898-83E5-4B30C3232F19}.Debug|Any CPU.ActiveCfg = Debug|Any CPU
		{D21894D3-5F4F-4898-83E5-4B30C3232F19}.Debug|Any CPU.Build.0 = Debug|Any CPU
		{D21894D3-5F4F-4898-83E5-4B30C3232F19}.Release|Any CPU.ActiveCfg = Release|Any CPU
		{D21894D3-5F4F-4898-83E5-4B30C3232F19}.Release|Any CPU.Build.0 = Release|Any CPU
	EndGlobalSection
	GlobalSection(SolutionProperties) = preSolution
		HideSolutionNode = FALSE
	EndGlobalSection
	GlobalSection(ExtensibilityGlobals) = postSolution
		SolutionGuid = {F7B591C3-8B28-4CF5-8DBA-8265C1E31025}
	EndGlobalSection
EndGlobal
